// !$*UTF8*$!
{
	archiveVersion = 1;
	classes = {
	};
	objectVersion = 77;
	objects = {

/* Begin PBXContainerItemProxy section */
		34F3241D2F4C771E00B14F9F /* PBXContainerItemProxy */ = {
			isa = PBXContainerItemProxy;
			containerPortal = 34F323FE2F4C771B00B14F9F /* Project object */;
			proxyType = 1;
			remoteGlobalIDString = 34F324052F4C771B00B14F9F;
			remoteInfo = "TOTPly-ios";
		};
		34F324272F4C771E00B14F9F /* PBXContainerItemProxy */ = {
			isa = PBXContainerItemProxy;
			containerPortal = 34F323FE2F4C771B00B14F9F /* Project object */;
			proxyType = 1;
			remoteGlobalIDString = 34F324052F4C771B00B14F9F;
			remoteInfo = "TOTPly-ios";
		};
/* End PBXContainerItemProxy section */

/* Begin PBXFileReference section */
		34F324062F4C771B00B14F9F /* TOTPly-ios.app */ = {isa = PBXFileReference; explicitFileType = wrapper.application; includeInIndex = 0; path = "TOTPly-ios.app"; sourceTree = BUILT_PRODUCTS_DIR; };
		34F3241C2F4C771E00B14F9F /* TOTPly-iosTests.xctest */ = {isa = PBXFileReference; explicitFileType = wrapper.cfbundle; includeInIndex = 0; path = "TOTPly-iosTests.xctest"; sourceTree = BUILT_PRODUCTS_DIR; };
		34F324262F4C771E00B14F9F /* TOTPly-iosUITests.xctest */ = {isa = PBXFileReference; explicitFileType = wrapper.cfbundle; includeInIndex = 0; path = "TOTPly-iosUITests.xctest"; sourceTree = BUILT_PRODUCTS_DIR; };
/* End PBXFileReference section */

/* Begin PBXFileSystemSynchronizedBuildFileExceptionSet section */
		34F3242E2F4C771E00B14F9F /* Exceptions for "TOTPly-ios" folder in "TOTPly-ios" target */ = {
			isa = PBXFileSystemSynchronizedBuildFileExceptionSet;
			membershipExceptions = (
				Info.plist,
			);
			target = 34F324052F4C771B00B14F9F /* TOTPly-ios */;
		};
/* End PBXFileSystemSynchronizedBuildFileExceptionSet section */

/* Begin PBXFileSystemSynchronizedRootGroup section */
		34F324082F4C771B00B14F9F /* TOTPly-ios */ = {
			isa = PBXFileSystemSynchronizedRootGroup;
			exceptions = (
				34F3242E2F4C771E00B14F9F /* Exceptions for "TOTPly-ios" folder in "TOTPly-ios" target */,
			);
			path = "TOTPly-ios";
			sourceTree = "<group>";
		};
		34F3241F2F4C771E00B14F9F /* TOTPly-iosTests */ = {
			isa = PBXFileSystemSynchronizedRootGroup;
			path = "TOTPly-iosTests";
			sourceTree = "<group>";
		};
		34F324292F4C771E00B14F9F /* TOTPly-iosUITests */ = {
			isa = PBXFileSystemSynchronizedRootGroup;
			path = "TOTPly-iosUITests";
			sourceTree = "<group>";
		};
/* End PBXFileSystemSynchronizedRootGroup section */

/* Begin PBXFrameworksBuildPhase section */
		34F324032F4C771B00B14F9F /* Frameworks */ = {
			isa = PBXFrameworksBuildPhase;
			buildActionMask = 2147483647;
			files = (
			);
			runOnlyForDeploymentPostprocessing = 0;
		};
		34F324192F4C771E00B14F9F /* Frameworks */ = {
			isa = PBXFrameworksBuildPhase;
			buildActionMask = 2147483647;
			files = (
			);
			runOnlyForDeploymentPostprocessing = 0;
		};
		34F324232F4C771E00B14F9F /* Frameworks */ = {
			isa = PBXFrameworksBuildPhase;
			buildActionMask = 2147483647;
			files = (
			);
			runOnlyForDeploymentPostprocessing = 0;
		};
/* End PBXFrameworksBuildPhase section */

/* Begin PBXGroup section */
		34F323FD2F4C771B00B14F9F = {
			isa = PBXGroup;
			children = (
				34F324082F4C771B00B14F9F /* TOTPly-ios */,
				34F3241F2F4C771E00B14F9F /* TOTPly-iosTests */,
				34F324292F4C771E00B14F9F /* TOTPly-iosUITests */,
				34F324072F4C771B00B14F9F /* Products */,
			);
			sourceTree = "<group>";
		};
		34F324072F4C771B00B14F9F /* Products */ = {
			isa = PBXGroup;
			children = (
				34F324062F4C771B00B14F9F /* TOTPly-ios.app */,
				34F3241C2F4C771E00B14F9F /* TOTPly-iosTests.xctest */,
				34F324262F4C771E00B14F9F /* TOTPly-iosUITests.xctest */,
			);
			name = Products;
			sourceTree = "<group>";
		};
/* End PBXGroup section */

/* Begin PBXNativeTarget section */
		34F324052F4C771B00B14F9F /* TOTPly-ios */ = {
			isa = PBXNativeTarget;
			buildConfigurationList = 34F3242F2F4C771E00B14F9F /* Build configuration list for PBXNativeTarget "TOTPly-ios" */;
			buildPhases = (
				34F324022F4C771B00B14F9F /* Sources */,
				34F324032F4C771B00B14F9F /* Frameworks */,
				34F324042F4C771B00B14F9F /* Resources */,
			);
			buildRules = (
			);
			dependencies = (
			);
			fileSystemSynchronizedGroups = (
				34F324082F4C771B00B14F9F /* TOTPly-ios */,
			);
			name = "TOTPly-ios";
			packageProductDependencies = (
			);
			productName = "TOTPly-ios";
			productReference = 34F324062F4C771B00B14F9F /* TOTPly-ios.app */;
			productType = "com.apple.product-type.application";
		};
		34F3241B2F4C771E00B14F9F /* TOTPly-iosTests */ = {
			isa = PBXNativeTarget;
			buildConfigurationList = 34F324342F4C771E00B14F9F /* Build configuration list for PBXNativeTarget "TOTPly-iosTests" */;
			buildPhases = (
				34F324182F4C771E00B14F9F /* Sources */,
				34F324192F4C771E00B14F9F /* Frameworks */,
				34F3241A2F4C771E00B14F9F /* Resources */,
			);
			buildRules = (
			);
			dependencies = (
				34F3241E2F4C771E00B14F9F /* PBXTargetDependency */,
			);
			fileSystemSynchronizedGroups = (
				34F3241F2F4C771E00B14F9F /* TOTPly-iosTests */,
			);
			name = "TOTPly-iosTests";
			packageProductDependencies = (
			);
			productName = "TOTPly-iosTests";
			productReference = 34F3241C2F4C771E00B14F9F /* TOTPly-iosTests.xctest */;
			productType = "com.apple.product-type.bundle.unit-test";
		};
		34F324252F4C771E00B14F9F /* TOTPly-iosUITests */ = {
			isa = PBXNativeTarget;
			buildConfigurationList = 34F324372F4C771E00B14F9F /* Build configuration list for PBXNativeTarget "TOTPly-iosUITests" */;
			buildPhases = (
				34F324222F4C771E00B14F9F /* Sources */,
				34F324232F4C771E00B14F9F /* Frameworks */,
				34F324242F4C771E00B14F9F /* Resources */,
			);
			buildRules = (
			);
			dependencies = (
				34F324282F4C771E00B14F9F /* PBXTargetDependency */,
			);
			fileSystemSynchronizedGroups = (
				34F324292F4C771E00B14F9F /* TOTPly-iosUITests */,
			);
			name = "TOTPly-iosUITests";
			packageProductDependencies = (
			);
			productName = "TOTPly-iosUITests";
			productReference = 34F324262F4C771E00B14F9F /* TOTPly-iosUITests.xctest */;
			productType = "com.apple.product-type.bundle.ui-testing";
		};
/* End PBXNativeTarget section */

/* Begin PBXProject section */
		34F323FE2F4C771B00B14F9F /* Project object */ = {
			isa = PBXProject;
			attributes = {
				BuildIndependentTargetsInParallel = 1;
				LastSwiftUpdateCheck = 1640;
				LastUpgradeCheck = 1640;
				TargetAttributes = {
					34F324052F4C771B00B14F9F = {
						CreatedOnToolsVersion = 16.4;
					};
					34F3241B2F4C771E00B14F9F = {
						CreatedOnToolsVersion = 16.4;
						TestTargetID = 34F324052F4C771B00B14F9F;
					};
					34F324252F4C771E00B14F9F = {
						CreatedOnToolsVersion = 16.4;
						TestTargetID = 34F324052F4C771B00B14F9F;
					};
				};
			};
			buildConfigurationList = 34F324012F4C771B00B14F9F /* Build configuration list for PBXProject "TOTPly-ios" */;
			developmentRegion = en;
			hasScannedForEncodings = 0;
			knownRegions = (
				en,
				Base,
			);
			mainGroup = 34F323FD2F4C771B00B14F9F;
			minimizedProjectReferenceProxies = 1;
			preferredProjectObjectVersion = 77;
			productRefGroup = 34F324072F4C771B00B14F9F /* Products */;
			projectDirPath = "";
			projectRoot = "";
			targets = (
				34F324052F4C771B00B14F9F /* TOTPly-ios */,
				34F3241B2F4C771E00B14F9F /* TOTPly-iosTests */,
				34F324252F4C771E00B14F9F /* TOTPly-iosUITests */,
			);
		};
/* End PBXProject section */

/* Begin PBXResourcesBuildPhase section */
		34F324042F4C771B00B14F9F /* Resources */ = {
			isa = PBXResourcesBuildPhase;
			buildActionMask = 2147483647;
			files = (
			);
			runOnlyForDeploymentPostprocessing = 0;
		};
		34F3241A2F4C771E00B14F9F /* Resources */ = {
			isa = PBXResourcesBuildPhase;
			buildActionMask = 2147483647;
			files = (
			);
			runOnlyForDeploymentPostprocessing = 0;
		};
		34F324242F4C771E00B14F9F /* Resources */ = {
			isa = PBXResourcesBuildPhase;
			buildActionMask = 2147483647;
			files = (
			);
			runOnlyForDeploymentPostprocessing = 0;
		};
/* End PBXResourcesBuildPhase section */

/* Begin PBXSourcesBuildPhase section */
		34F324022F4C771B00B14F9F /* Sources */ = {
			isa = PBXSourcesBuildPhase;
			buildActionMask = 2147483647;
			files = (
			);
			runOnlyForDeploymentPostprocessing = 0;
		};
		34F324182F4C771E00B14F9F /* Sources */ = {
			isa = PBXSourcesBuildPhase;
			buildActionMask = 2147483647;
			files = (
			);
			runOnlyForDeploymentPostprocessing = 0;
		};
		34F324222F4C771E00B14F9F /* Sources */ = {
			isa = PBXSourcesBuildPhase;
			buildActionMask = 2147483647;
			files = (
			);
			runOnlyForDeploymentPostprocessing = 0;
		};
/* End PBXSourcesBuildPhase section */

/* Begin PBXTargetDependency section */
		34F3241E2F4C771E00B14F9F /* PBXTargetDependency */ = {
			isa = PBXTargetDependency;
			target = 34F324052F4C771B00B14F9F /* TOTPly-ios */;
			targetProxy = 34F3241D2F4C771E00B14F9F /* PBXContainerItemProxy */;
		};
		34F324282F4C771E00B14F9F /* PBXTargetDependency */ = {
			isa = PBXTargetDependency;
			target = 34F324052F4C771B00B14F9F /* TOTPly-ios */;
			targetProxy = 34F324272F4C771E00B14F9F /* PBXContainerItemProxy */;
		};
/* End PBXTargetDependency section */

/* Begin XCBuildConfiguration section */
		34F324302F4C771E00B14F9F /* Debug */ = {
			isa = XCBuildConfiguration;
			buildSettings = {
				ASSETCATALOG_COMPILER_APPICON_NAME = AppIcon;
				ASSETCATALOG_COMPILER_GLOBAL_ACCENT_COLOR_NAME = AccentColor;
				CODE_SIGN_STYLE = Automatic;
				CURRENT_PROJECT_VERSION = 1;
				DEVELOPMENT_TEAM = ZAVS2HA2VK;
				GENERATE_INFOPLIST_FILE = YES;
				INFOPLIST_FILE = "TOTPly-ios/Info.plist";
				INFOPLIST_KEY_UIApplicationSupportsIndirectInputEvents = YES;
				INFOPLIST_KEY_UILaunchStoryboardName = LaunchScreen;
				INFOPLIST_KEY_UIMainStoryboardFile = Main;
				INFOPLIST_KEY_UISupportedInterfaceOrientations_iPad = "UIInterfaceOrientationPortrait UIInterfaceOrientationPortraitUpsideDown UIInterfaceOrientationLandscapeLeft UIInterfaceOrientationLandscapeRight";
				INFOPLIST_KEY_UISupportedInterfaceOrientations_iPhone = "UIInterfaceOrientationPortrait UIInterfaceOrientationLandscapeLeft UIInterfaceOrientationLandscapeRight";
				LD_RUNPATH_SEARCH_PATHS = (
					"$(inherited)",
					"@executable_path/Frameworks",
				);
				MARKETING_VERSION = 1.0;
				PRODUCT_BUNDLE_IDENTIFIER = "matmercs.TOTPly-ios";
				PRODUCT_NAME = "$(TARGET_NAME)";
				SWIFT_EMIT_LOC_STRINGS = YES;
				SWIFT_VERSION = 5.0;
				TARGETED_DEVICE_FAMILY = "1,2";
			};
			name = Debug;
		};
		34F324312F4C771E00B14F9F /* Release */ = {
			isa = XCBuildConfiguration;
			buildSettings = {
				ASSETCATALOG_COMPILER_APPICON_NAME = AppIcon;
				ASSETCATALOG_COMPILER_GLOBAL_ACCENT_COLOR_NAME = AccentColor;
				CODE_SIGN_STYLE = Automatic;
				CURRENT_PROJECT_VERSION = 1;
				DEVELOPMENT_TEAM = ZAVS2HA2VK;
				GENERATE_INFOPLIST_FILE = YES;
				INFOPLIST_FILE = "TOTPly-ios/Info.plist";
				INFOPLIST_KEY_UIApplicationSupportsIndirectInputEvents = YES;
				INFOPLIST_KEY_UILaunchStoryboardName = LaunchScreen;
				INFOPLIST_KEY_UIMainStoryboardFile = Main;
				INFOPLIST_KEY_UISupportedInterfaceOrientations_iPad = "UIInterfaceOrientationPortrait UIInterfaceOrientationPortraitUpsideDown UIInterfaceOrientationLandscapeLeft UIInterfaceOrientationLandscapeRight";
				INFOPLIST_KEY_UISupportedInterfaceOrientations_iPhone = "UIInterfaceOrientationPortrait UIInterfaceOrientationLandscapeLeft UIInterfaceOrientationLandscapeRight";
				LD_RUNPATH_SEARCH_PATHS = (
					"$(inherited)",
					"@executable_path/Frameworks",
				);
				MARKETING_VERSION = 1.0;
				PRODUCT_BUNDLE_IDENTIFIER = "matmercs.TOTPly-ios";
				PRODUCT_NAME = "$(TARGET_NAME)";
				SWIFT_EMIT_LOC_STRINGS = YES;
				SWIFT_VERSION = 5.0;
				TARGETED_DEVICE_FAMILY = "1,2";
			};
			name = Release;
		};
		34F324322F4C771E00B14F9F /* Debug */ = {
			isa = XCBuildConfiguration;
			buildSettings = {
				ALWAYS_SEARCH_USER_PATHS = NO;
				ASSETCATALOG_COMPILER_GENERATE_SWIFT_ASSET_SYMBOL_EXTENSIONS = YES;
				CLANG_ANALYZER_NONNULL = YES;
				CLANG_ANALYZER_NUMBER_OBJECT_CONVERSION = YES_AGGRESSIVE;
				CLANG_CXX_LANGUAGE_STANDARD = "gnu++20";
				CLANG_ENABLE_MODULES = YES;
				CLANG_ENABLE_OBJC_ARC = YES;
				CLANG_ENABLE_OBJC_WEAK = YES;
				CLANG_WARN_BLOCK_CAPTURE_AUTORELEASING = YES;
				CLANG_WARN_BOOL_CONVERSION = YES;
				CLANG_WARN_COMMA = YES;
				CLANG_WARN_CONSTANT_CONVERSION = YES;
				CLANG_WARN_DEPRECATED_OBJC_IMPLEMENTATIONS = YES;
				CLANG_WARN_DIRECT_OBJC_ISA_USAGE = YES_ERROR;
				CLANG_WARN_DOCUMENTATION_COMMENTS = YES;
				CLANG_WARN_EMPTY_BODY = YES;
				CLANG_WARN_ENUM_CONVERSION = YES;
				CLANG_WARN_INFINITE_RECURSION = YES;
				CLANG_WARN_INT_CONVERSION = YES;
				CLANG_WARN_NON_LITERAL_NULL_CONVERSION = YES;
				CLANG_WARN_OBJC_IMPLICIT_RETAIN_SELF = YES;
				CLANG_WARN_OBJC_LITERAL_CONVERSION = YES;
				CLANG_WARN_OBJC_ROOT_CLASS = YES_ERROR;
				CLANG_WARN_QUOTED_INCLUDE_IN_FRAMEWORK_HEADER = YES;
				CLANG_WARN_RANGE_LOOP_ANALYSIS = YES;
				CLANG_WARN_STRICT_PROTOTYPES = YES;
				CLANG_WARN_SUSPICIOUS_MOVE = YES;
				CLANG_WARN_UNGUARDED_AVAILABILITY = YES_AGGRESSIVE;
				CLANG_WARN_UNREACHABLE_CODE = YES;
				CLANG_WARN__DUPLICATE_METHOD_MATCH = YES;
				COPY_PHASE_STRIP = NO;
				DEBUG_INFORMATION_FORMAT = dwarf;
				DEVELOPMENT_TEAM = ZAVS2HA2VK;
				ENABLE_STRICT_OBJC_MSGSEND = YES;
				ENABLE_TESTABILITY = YES;
				ENABLE_USER_SCRIPT_SANDBOXING = YES;
				GCC_C_LANGUAGE_STANDARD = gnu17;
				GCC_DYNAMIC_NO_PIC = NO;
				GCC_NO_COMMON_BLOCKS = YES;
				GCC_OPTIMIZATION_LEVEL = 0;
				GCC_PREPROCESSOR_DEFINITIONS = (
					"DEBUG=1",
					"$(inherited)",
				);
				GCC_WARN_64_TO_32_BIT_CONVERSION = YES;
				GCC_WARN_ABOUT_RETURN_TYPE = YES_ERROR;
				GCC_WARN_UNDECLARED_SELECTOR = YES;
				GCC_WARN_UNINITIALIZED_AUTOS = YES_AGGRESSIVE;
				GCC_WARN_UNUSED_FUNCTION = YES;
				GCC_WARN_UNUSED_VARIABLE = YES;
				IPHONEOS_DEPLOYMENT_TARGET = 18.5;
				LOCALIZATION_PREFERS_STRING_CATALOGS = YES;
				MTL_ENABLE_DEBUG_INFO = INCLUDE_SOURCE;
				MTL_FAST_MATH = YES;
				ONLY_ACTIVE_ARCH = YES;
				SDKROOT = iphoneos;
				SWIFT_ACTIVE_COMPILATION_CONDITIONS = "DEBUG $(inherited)";
				SWIFT_OPTIMIZATION_LEVEL = "-Onone";
			};
			name = Debug;
		};
		34F324332F4C771E00B14F9F /* Release */ = {
			isa = XCBuildConfiguration;
			buildSettings = {
				ALWAYS_SEARCH_USER_PATHS = NO;
				ASSETCATALOG_COMPILER_GENERATE_SWIFT_ASSET_SYMBOL_EXTENSIONS = YES;
				CLANG_ANALYZER_NONNULL = YES;
				CLANG_ANALYZER_NUMBER_OBJECT_CONVERSION = YES_AGGRESSIVE;
				CLANG_CXX_LANGUAGE_STANDARD = "gnu++20";
				CLANG_ENABLE_MODULES = YES;
				CLANG_ENABLE_OBJC_ARC = YES;
				CLANG_ENABLE_OBJC_WEAK = YES;
				CLANG_WARN_BLOCK_CAPTURE_AUTORELEASING = YES;
				CLANG_WARN_BOOL_CONVERSION = YES;
				CLANG_WARN_COMMA = YES;
				CLANG_WARN_CONSTANT_CONVERSION = YES;
				CLANG_WARN_DEPRECATED_OBJC_IMPLEMENTATIONS = YES;
				CLANG_WARN_DIRECT_OBJC_ISA_USAGE = YES_ERROR;
				CLANG_WARN_DOCUMENTATION_COMMENTS = YES;
				CLANG_WARN_EMPTY_BODY = YES;
				CLANG_WARN_ENUM_CONVERSION = YES;
				CLANG_WARN_INFINITE_RECURSION = YES;
				CLANG_WARN_INT_CONVERSION = YES;
				CLANG_WARN_NON_LITERAL_NULL_CONVERSION = YES;
				CLANG_WARN_OBJC_IMPLICIT_RETAIN_SELF = YES;
				CLANG_WARN_OBJC_LITERAL_CONVERSION = YES;
				CLANG_WARN_OBJC_ROOT_CLASS = YES_ERROR;
				CLANG_WARN_QUOTED_INCLUDE_IN_FRAMEWORK_HEADER = YES;
				CLANG_WARN_RANGE_LOOP_ANALYSIS = YES;
				CLANG_WARN_STRICT_PROTOTYPES = YES;
				CLANG_WARN_SUSPICIOUS_MOVE = YES;
				CLANG_WARN_UNGUARDED_AVAILABILITY = YES_AGGRESSIVE;
				CLANG_WARN_UNREACHABLE_CODE = YES;
				CLANG_WARN__DUPLICATE_METHOD_MATCH = YES;
				COPY_PHASE_STRIP = NO;
				DEBUG_INFORMATION_FORMAT = "dwarf-with-dsym";
				DEVELOPMENT_TEAM = ZAVS2HA2VK;
				ENABLE_NS_ASSERTIONS = NO;
				ENABLE_STRICT_OBJC_MSGSEND = YES;
				ENABLE_USER_SCRIPT_SANDBOXING = YES;
				GCC_C_LANGUAGE_STANDARD = gnu17;
				GCC_NO_COMMON_BLOCKS = YES;
				GCC_WARN_64_TO_32_BIT_CONVERSION = YES;
				GCC_WARN_ABOUT_RETURN_TYPE = YES_ERROR;
				GCC_WARN_UNDECLARED_SELECTOR = YES;
				GCC_WARN_UNINITIALIZED_AUTOS = YES_AGGRESSIVE;
				GCC_WARN_UNUSED_FUNCTION = YES;
				GCC_WARN_UNUSED_VARIABLE = YES;
				IPHONEOS_DEPLOYMENT_TARGET = 18.5;
				LOCALIZATION_PREFERS_STRING_CATALOGS = YES;
				MTL_ENABLE_DEBUG_INFO = NO;
				MTL_FAST_MATH = YES;
				SDKROOT = iphoneos;
				SWIFT_COMPILATION_MODE = wholemodule;
				VALIDATE_PRODUCT = YES;
			};
			name = Release;
		};
		34F324352F4C771E00B14F9F /* Debug */ = {
			isa = XCBuildConfiguration;
			buildSettings = {
				BUNDLE_LOADER = "$(TEST_HOST)";
				CODE_SIGN_STYLE = Automatic;
				CURRENT_PROJECT_VERSION = 1;
				DEVELOPMENT_TEAM = ZAVS2HA2VK;
				GENERATE_INFOPLIST_FILE = YES;
				IPHONEOS_DEPLOYMENT_TARGET = 18.5;
				MARKETING_VERSION = 1.0;
				PRODUCT_BUNDLE_IDENTIFIER = "matmercs.TOTPly-iosTests";
				PRODUCT_NAME = "$(TARGET_NAME)";
				SWIFT_EMIT_LOC_STRINGS = NO;
				SWIFT_VERSION = 5.0;
				TARGETED_DEVICE_FAMILY = "1,2";
				TEST_HOST = "$(BUILT_PRODUCTS_DIR)/TOTPly-ios.app/$(BUNDLE_EXECUTABLE_FOLDER_PATH)/TOTPly-ios";
			};
			name = Debug;
		};
		34F324362F4C771E00B14F9F /* Release */ = {
			isa = XCBuildConfiguration;
			buildSettings = {
				BUNDLE_LOADER = "$(TEST_HOST)";
				CODE_SIGN_STYLE = Automatic;
				CURRENT_PROJECT_VERSION = 1;
				DEVELOPMENT_TEAM = ZAVS2HA2VK;
				GENERATE_INFOPLIST_FILE = YES;
				IPHONEOS_DEPLOYMENT_TARGET = 18.5;
				MARKETING_VERSION = 1.0;
				PRODUCT_BUNDLE_IDENTIFIER = "matmercs.TOTPly-iosTests";
				PRODUCT_NAME = "$(TARGET_NAME)";
				SWIFT_EMIT_LOC_STRINGS = NO;
				SWIFT_VERSION = 5.0;
				TARGETED_DEVICE_FAMILY = "1,2";
				TEST_HOST = "$(BUILT_PRODUCTS_DIR)/TOTPly-ios.app/$(BUNDLE_EXECUTABLE_FOLDER_PATH)/TOTPly-ios";
			};
			name = Release;
		};
		34F324382F4C771E00B14F9F /* Debug */ = {
			isa = XCBuildConfiguration;
			buildSettings = {
				CODE_SIGN_STYLE = Automatic;
				CURRENT_PROJECT_VERSION = 1;
				DEVELOPMENT_TEAM = ZAVS2HA2VK;
				GENERATE_INFOPLIST_FILE = YES;
				MARKETING_VERSION = 1.0;
				PRODUCT_BUNDLE_IDENTIFIER = "matmercs.TOTPly-iosUITests";
				PRODUCT_NAME = "$(TARGET_NAME)";
				SWIFT_EMIT_LOC_STRINGS = NO;
				SWIFT_VERSION = 5.0;
				TARGETED_DEVICE_FAMILY = "1,2";
				TEST_TARGET_NAME = "TOTPly-ios";
			};
			name = Debug;
		};
		34F324392F4C771E00B14F9F /* Release */ = {
			isa = XCBuildConfiguration;
			buildSettings = {
				CODE_SIGN_STYLE = Automatic;
				CURRENT_PROJECT_VERSION = 1;
				DEVELOPMENT_TEAM = ZAVS2HA2VK;
				GENERATE_INFOPLIST_FILE = YES;
				MARKETING_VERSION = 1.0;
				PRODUCT_BUNDLE_IDENTIFIER = "matmercs.TOTPly-iosUITests";
				PRODUCT_NAME = "$(TARGET_NAME)";
				SWIFT_EMIT_LOC_STRINGS = NO;
				SWIFT_VERSION = 5.0;
				TARGETED_DEVICE_FAMILY = "1,2";
				TEST_TARGET_NAME = "TOTPly-ios";
			};
			name = Release;
		};
/* End XCBuildConfiguration section */

/* Begin XCConfigurationList section */
		34F324012F4C771B00B14F9F /* Build configuration list for PBXProject "TOTPly-ios" */ = {
			isa = XCConfigurationList;
			buildConfigurations = (
				34F324322F4C771E00B14F9F /* Debug */,
				34F324332F4C771E00B14F9F /* Release */,
			);
			defaultConfigurationIsVisible = 0;
			defaultConfigurationName = Release;
		};
		34F3242F2F4C771E00B14F9F /* Build configuration list for PBXNativeTarget "TOTPly-ios" */ = {
			isa = XCConfigurationList;
			buildConfigurations = (
				34F324302F4C771E00B14F9F /* Debug */,
				34F324312F4C771E00B14F9F /* Release */,
			);
			defaultConfigurationIsVisible = 0;
			defaultConfigurationName = Release;
		};
		34F324342F4C771E00B14F9F /* Build configuration list for PBXNativeTarget "TOTPly-iosTests" */ = {
			isa = XCConfigurationList;
			buildConfigurations = (
				34F324352F4C771E00B14F9F /* Debug */,
				34F324362F4C771E00B14F9F /* Release */,
			);
			defaultConfigurationIsVisible = 0;
			defaultConfigurationName = Release;
		};
		34F324372F4C771E00B14F9F /* Build configuration list for PBXNativeTarget "TOTPly-iosUITests" */ = {
			isa = XCConfigurationList;
			buildConfigurations = (
				34F324382F4C771E00B14F9F /* Debug */,
				34F324392F4C771E00B14F9F /* Release */,
			);
			defaultConfigurationIsVisible = 0;
			defaultConfigurationName = Release;
		};
/* End XCConfigurationList section */
	};
	rootObject = 34F323FE2F4C771B00B14F9F /* Project object */;
}
